// !$*UTF8*$!
{
	archiveVersion = 1;
	classes = {
	};
	objectVersion = 56;
	objects = {

/* Begin PBXBuildFile section */
		F60DC19E2C248FB50092E952 /* LocationItem.swift in Sources */ = {isa = PBXBuildFile; fileRef = F60DC19D2C248FB50092E952 /* LocationItem.swift */; };
		F63084922C381D18008ABF71 /* MKMapItem.swift in Sources */ = {isa = PBXBuildFile; fileRef = F63084912C381D18008ABF71 /* MKMapItem.swift */; };
		F63084942C38294A008ABF71 /* CameraView.swift in Sources */ = {isa = PBXBuildFile; fileRef = F63084932C38294A008ABF71 /* CameraView.swift */; };
		F63084A32C3857E7008ABF71 /* ModelPreview.swift in Sources */ = {isa = PBXBuildFile; fileRef = F63084A22C3857E7008ABF71 /* ModelPreview.swift */; };
		F645616C2C110CC20007940D /* NoteView.swift in Sources */ = {isa = PBXBuildFile; fileRef = F645616B2C110CC20007940D /* NoteView.swift */; };
		F649B2C52C3897AE00FE7180 /* DataContainer.swift in Sources */ = {isa = PBXBuildFile; fileRef = F649B2C42C3897AE00FE7180 /* DataContainer.swift */; };
		F65517A32C1F3668000133FA /* DiscreteSlider.swift in Sources */ = {isa = PBXBuildFile; fileRef = F65517A22C1F3668000133FA /* DiscreteSlider.swift */; };
		F65517A52C1F3C57000133FA /* Constants.swift in Sources */ = {isa = PBXBuildFile; fileRef = F65517A42C1F3C57000133FA /* Constants.swift */; };
		F65517A72C1F6F4C000133FA /* Log.swift in Sources */ = {isa = PBXBuildFile; fileRef = F65517A62C1F6F4B000133FA /* Log.swift */; };
		F65517AB2C1F9145000133FA /* HapticType.swift in Sources */ = {isa = PBXBuildFile; fileRef = F65517A82C1F9144000133FA /* HapticType.swift */; };
		F65517AC2C1F9145000133FA /* Haptic.swift in Sources */ = {isa = PBXBuildFile; fileRef = F65517A92C1F9144000133FA /* Haptic.swift */; };
		F65517B22C1F92E3000133FA /* MapPicker.swift in Sources */ = {isa = PBXBuildFile; fileRef = F65517B12C1F92E3000133FA /* MapPicker.swift */; };
		F6635A7D2C3FFF8800813E00 /* CamerasView.swift in Sources */ = {isa = PBXBuildFile; fileRef = F6635A7C2C3FFF8800813E00 /* CamerasView.swift */; };
		F6635A7F2C4067AA00813E00 /* FilmRollsView.swift in Sources */ = {isa = PBXBuildFile; fileRef = F6635A7E2C4067A900813E00 /* FilmRollsView.swift */; };
		F671790D2C346F860062D350 /* MapPickerViewModel.swift in Sources */ = {isa = PBXBuildFile; fileRef = F671790C2C346F860062D350 /* MapPickerViewModel.swift */; };
		F671790F2C34A9B30062D350 /* MapMarker.swift in Sources */ = {isa = PBXBuildFile; fileRef = F671790E2C34A9B30062D350 /* MapMarker.swift */; };
		F67179112C34AAB60062D350 /* Location.swift in Sources */ = {isa = PBXBuildFile; fileRef = F67179102C34AAB60062D350 /* Location.swift */; };
		F67179162C357AED0062D350 /* MapPickerMenu.swift in Sources */ = {isa = PBXBuildFile; fileRef = F67179152C357AED0062D350 /* MapPickerMenu.swift */; };
		F68B56C12C20D078001F1D97 /* CLLocationCoordinate2D.swift in Sources */ = {isa = PBXBuildFile; fileRef = F68B56C02C20D077001F1D97 /* CLLocationCoordinate2D.swift */; };
		F6BC7BE62C3C1E2300160C3E /* OptionalDatePicker.swift in Sources */ = {isa = PBXBuildFile; fileRef = F6BC7BE52C3C1E2300160C3E /* OptionalDatePicker.swift */; };
		F6BC7BE82C3C3CBD00160C3E /* ClearFormButton.swift in Sources */ = {isa = PBXBuildFile; fileRef = F6BC7BE72C3C3CBD00160C3E /* ClearFormButton.swift */; };
		F6BC7BEC2C3CA5F800160C3E /* TapToAddButton.swift in Sources */ = {isa = PBXBuildFile; fileRef = F6BC7BEB2C3CA5F800160C3E /* TapToAddButton.swift */; };
		F6BC7BEE2C3CB70C00160C3E /* DiscreteSliderViewModel.swift in Sources */ = {isa = PBXBuildFile; fileRef = F6BC7BED2C3CB70C00160C3E /* DiscreteSliderViewModel.swift */; };
		F6BD32AA2C3F2243008521FB /* ShutterSpeedPicker.swift in Sources */ = {isa = PBXBuildFile; fileRef = F6BD32A92C3F2243008521FB /* ShutterSpeedPicker.swift */; };
		F6C40BC92C37230B00DB96A7 /* Shimmer in Frameworks */ = {isa = PBXBuildFile; productRef = F6C40BC82C37230B00DB96A7 /* Shimmer */; };
		F6C40BCB2C373B5900DB96A7 /* MapPickerMenuSearchBatState.swift in Sources */ = {isa = PBXBuildFile; fileRef = F6C40BCA2C373B5900DB96A7 /* MapPickerMenuSearchBatState.swift */; };
		F6CDAB8A2C3D9C53000CC580 /* TextFieldFormViewModel.swift in Sources */ = {isa = PBXBuildFile; fileRef = F6CDAB892C3D9C53000CC580 /* TextFieldFormViewModel.swift */; };
		F6D3A3462C0FB2AB00D56B8D /* CameraDetailedView.swift in Sources */ = {isa = PBXBuildFile; fileRef = F6D3A3452C0FB2AB00D56B8D /* CameraDetailedView.swift */; };
		F6D3A3492C0FBA7400D56B8D /* DeleteButton.swift in Sources */ = {isa = PBXBuildFile; fileRef = F6D3A3482C0FBA7400D56B8D /* DeleteButton.swift */; };
		F6D3A34B2C0FBD4000D56B8D /* FormView.swift in Sources */ = {isa = PBXBuildFile; fileRef = F6D3A34A2C0FBD4000D56B8D /* FormView.swift */; };
		F6D3A34D2C0FBF4900D56B8D /* TextForm.swift in Sources */ = {isa = PBXBuildFile; fileRef = F6D3A34C2C0FBF4900D56B8D /* TextForm.swift */; };
		F6D3A34F2C0FC1FC00D56B8D /* TextFieldForm.swift in Sources */ = {isa = PBXBuildFile; fileRef = F6D3A34E2C0FC1FC00D56B8D /* TextFieldForm.swift */; };
		F6D3A3512C0FC9A600D56B8D /* PhotoDetailedView.swift in Sources */ = {isa = PBXBuildFile; fileRef = F6D3A3502C0FC9A600D56B8D /* PhotoDetailedView.swift */; };
		F6E481992C1B0AD4006EE963 /* MenuWithEditState.swift in Sources */ = {isa = PBXBuildFile; fileRef = F6E481982C1B0AD4006EE963 /* MenuWithEditState.swift */; };
		F6E4819B2C1B15ED006EE963 /* String.swift in Sources */ = {isa = PBXBuildFile; fileRef = F6E4819A2C1B15ED006EE963 /* String.swift */; };
		F6E4819F2C1B88AC006EE963 /* TextFieldWithPrefix.swift in Sources */ = {isa = PBXBuildFile; fileRef = F6E4819E2C1B88AC006EE963 /* TextFieldWithPrefix.swift */; };
		F6EEF2762C3AC98D00FEBCE4 /* DataContainerPreviewData.swift in Sources */ = {isa = PBXBuildFile; fileRef = F6EEF2752C3AC98D00FEBCE4 /* DataContainerPreviewData.swift */; };
		F6FE299F2C0F492B00E9C678 /* analogPhotographyApp.swift in Sources */ = {isa = PBXBuildFile; fileRef = F6FE299E2C0F492B00E9C678 /* analogPhotographyApp.swift */; };
		F6FE29A12C0F492B00E9C678 /* ContentView.swift in Sources */ = {isa = PBXBuildFile; fileRef = F6FE29A02C0F492B00E9C678 /* ContentView.swift */; };
		F6FE29A52C0F493000E9C678 /* Assets.xcassets in Resources */ = {isa = PBXBuildFile; fileRef = F6FE29A42C0F493000E9C678 /* Assets.xcassets */; };
		F6FE29AF2C0F4CDE00E9C678 /* Film.swift in Sources */ = {isa = PBXBuildFile; fileRef = F6FE29AE2C0F4CDE00E9C678 /* Film.swift */; };
		F6FE29B22C0F645200E9C678 /* FilmFormat.swift in Sources */ = {isa = PBXBuildFile; fileRef = F6FE29B12C0F645200E9C678 /* FilmFormat.swift */; };
		F6FE29B52C0F704A00E9C678 /* ModelContextExtensions.swift in Sources */ = {isa = PBXBuildFile; fileRef = F6FE29B42C0F704A00E9C678 /* ModelContextExtensions.swift */; };
		F6FE29B72C0F769A00E9C678 /* Bool.swift in Sources */ = {isa = PBXBuildFile; fileRef = F6FE29B62C0F769A00E9C678 /* Bool.swift */; };
		F6FE29B92C0F784500E9C678 /* FilmProcess.swift in Sources */ = {isa = PBXBuildFile; fileRef = F6FE29B82C0F784500E9C678 /* FilmProcess.swift */; };
		F6FE29BB2C0F7CBB00E9C678 /* FilmRoll.swift in Sources */ = {isa = PBXBuildFile; fileRef = F6FE29BA2C0F7CBB00E9C678 /* FilmRoll.swift */; };
		F6FE29BE2C0F804200E9C678 /* Photo.swift in Sources */ = {isa = PBXBuildFile; fileRef = F6FE29BD2C0F804200E9C678 /* Photo.swift */; };
		F6FE29C12C0FAA2400E9C678 /* Camera.swift in Sources */ = {isa = PBXBuildFile; fileRef = F6FE29C02C0FAA2400E9C678 /* Camera.swift */; };
/* End PBXBuildFile section */

/* Begin PBXFileReference section */
		F60DC19D2C248FB50092E952 /* LocationItem.swift */ = {isa = PBXFileReference; lastKnownFileType = sourcecode.swift; path = LocationItem.swift; sourceTree = "<group>"; };
		F63084912C381D18008ABF71 /* MKMapItem.swift */ = {isa = PBXFileReference; lastKnownFileType = sourcecode.swift; path = MKMapItem.swift; sourceTree = "<group>"; };
		F63084932C38294A008ABF71 /* CameraView.swift */ = {isa = PBXFileReference; lastKnownFileType = sourcecode.swift; path = CameraView.swift; sourceTree = "<group>"; };
		F63084A22C3857E7008ABF71 /* ModelPreview.swift */ = {isa = PBXFileReference; lastKnownFileType = sourcecode.swift; path = ModelPreview.swift; sourceTree = "<group>"; };
		F645616B2C110CC20007940D /* NoteView.swift */ = {isa = PBXFileReference; lastKnownFileType = sourcecode.swift; path = NoteView.swift; sourceTree = "<group>"; };
		F649B2C42C3897AE00FE7180 /* DataContainer.swift */ = {isa = PBXFileReference; lastKnownFileType = sourcecode.swift; path = DataContainer.swift; sourceTree = "<group>"; };
		F65517A22C1F3668000133FA /* DiscreteSlider.swift */ = {isa = PBXFileReference; lastKnownFileType = sourcecode.swift; path = DiscreteSlider.swift; sourceTree = "<group>"; };
		F65517A42C1F3C57000133FA /* Constants.swift */ = {isa = PBXFileReference; lastKnownFileType = sourcecode.swift; path = Constants.swift; sourceTree = "<group>"; };
		F65517A62C1F6F4B000133FA /* Log.swift */ = {isa = PBXFileReference; fileEncoding = 4; lastKnownFileType = sourcecode.swift; path = Log.swift; sourceTree = "<group>"; };
		F65517A82C1F9144000133FA /* HapticType.swift */ = {isa = PBXFileReference; fileEncoding = 4; lastKnownFileType = sourcecode.swift; path = HapticType.swift; sourceTree = "<group>"; };
		F65517A92C1F9144000133FA /* Haptic.swift */ = {isa = PBXFileReference; fileEncoding = 4; lastKnownFileType = sourcecode.swift; path = Haptic.swift; sourceTree = "<group>"; };
		F65517B12C1F92E3000133FA /* MapPicker.swift */ = {isa = PBXFileReference; lastKnownFileType = sourcecode.swift; path = MapPicker.swift; sourceTree = "<group>"; };
		F6635A7C2C3FFF8800813E00 /* CamerasView.swift */ = {isa = PBXFileReference; lastKnownFileType = sourcecode.swift; path = CamerasView.swift; sourceTree = "<group>"; };
		F6635A7E2C4067A900813E00 /* FilmRollsView.swift */ = {isa = PBXFileReference; lastKnownFileType = sourcecode.swift; path = FilmRollsView.swift; sourceTree = "<group>"; };
		F671790C2C346F860062D350 /* MapPickerViewModel.swift */ = {isa = PBXFileReference; lastKnownFileType = sourcecode.swift; path = MapPickerViewModel.swift; sourceTree = "<group>"; };
		F671790E2C34A9B30062D350 /* MapMarker.swift */ = {isa = PBXFileReference; lastKnownFileType = sourcecode.swift; path = MapMarker.swift; sourceTree = "<group>"; };
		F67179102C34AAB60062D350 /* Location.swift */ = {isa = PBXFileReference; lastKnownFileType = sourcecode.swift; path = Location.swift; sourceTree = "<group>"; };
		F67179152C357AED0062D350 /* MapPickerMenu.swift */ = {isa = PBXFileReference; lastKnownFileType = sourcecode.swift; path = MapPickerMenu.swift; sourceTree = "<group>"; };
		F68B56C02C20D077001F1D97 /* CLLocationCoordinate2D.swift */ = {isa = PBXFileReference; lastKnownFileType = sourcecode.swift; path = CLLocationCoordinate2D.swift; sourceTree = "<group>"; };
		F6BC7BE52C3C1E2300160C3E /* OptionalDatePicker.swift */ = {isa = PBXFileReference; lastKnownFileType = sourcecode.swift; path = OptionalDatePicker.swift; sourceTree = "<group>"; };
		F6BC7BE72C3C3CBD00160C3E /* ClearFormButton.swift */ = {isa = PBXFileReference; lastKnownFileType = sourcecode.swift; path = ClearFormButton.swift; sourceTree = "<group>"; };
		F6BC7BEB2C3CA5F800160C3E /* TapToAddButton.swift */ = {isa = PBXFileReference; lastKnownFileType = sourcecode.swift; path = TapToAddButton.swift; sourceTree = "<group>"; };
		F6BC7BED2C3CB70C00160C3E /* DiscreteSliderViewModel.swift */ = {isa = PBXFileReference; lastKnownFileType = sourcecode.swift; path = DiscreteSliderViewModel.swift; sourceTree = "<group>"; };
		F6BD32A92C3F2243008521FB /* ShutterSpeedPicker.swift */ = {isa = PBXFileReference; lastKnownFileType = sourcecode.swift; path = ShutterSpeedPicker.swift; sourceTree = "<group>"; };
		F6C40BCA2C373B5900DB96A7 /* MapPickerMenuSearchBatState.swift */ = {isa = PBXFileReference; lastKnownFileType = sourcecode.swift; path = MapPickerMenuSearchBatState.swift; sourceTree = "<group>"; };
		F6CDAB892C3D9C53000CC580 /* TextFieldFormViewModel.swift */ = {isa = PBXFileReference; lastKnownFileType = sourcecode.swift; path = TextFieldFormViewModel.swift; sourceTree = "<group>"; };
		F6D3A3452C0FB2AB00D56B8D /* CameraDetailedView.swift */ = {isa = PBXFileReference; lastKnownFileType = sourcecode.swift; path = CameraDetailedView.swift; sourceTree = "<group>"; };
		F6D3A3482C0FBA7400D56B8D /* DeleteButton.swift */ = {isa = PBXFileReference; lastKnownFileType = sourcecode.swift; path = DeleteButton.swift; sourceTree = "<group>"; };
		F6D3A34A2C0FBD4000D56B8D /* FormView.swift */ = {isa = PBXFileReference; lastKnownFileType = sourcecode.swift; path = FormView.swift; sourceTree = "<group>"; };
		F6D3A34C2C0FBF4900D56B8D /* TextForm.swift */ = {isa = PBXFileReference; lastKnownFileType = sourcecode.swift; path = TextForm.swift; sourceTree = "<group>"; };
		F6D3A34E2C0FC1FC00D56B8D /* TextFieldForm.swift */ = {isa = PBXFileReference; lastKnownFileType = sourcecode.swift; path = TextFieldForm.swift; sourceTree = "<group>"; };
		F6D3A3502C0FC9A600D56B8D /* PhotoDetailedView.swift */ = {isa = PBXFileReference; lastKnownFileType = sourcecode.swift; path = PhotoDetailedView.swift; sourceTree = "<group>"; };
		F6E481982C1B0AD4006EE963 /* MenuWithEditState.swift */ = {isa = PBXFileReference; lastKnownFileType = sourcecode.swift; path = MenuWithEditState.swift; sourceTree = "<group>"; };
		F6E4819A2C1B15ED006EE963 /* String.swift */ = {isa = PBXFileReference; lastKnownFileType = sourcecode.swift; path = String.swift; sourceTree = "<group>"; };
		F6E4819E2C1B88AC006EE963 /* TextFieldWithPrefix.swift */ = {isa = PBXFileReference; lastKnownFileType = sourcecode.swift; path = TextFieldWithPrefix.swift; sourceTree = "<group>"; };
		F6EEF2752C3AC98D00FEBCE4 /* DataContainerPreviewData.swift */ = {isa = PBXFileReference; lastKnownFileType = sourcecode.swift; path = DataContainerPreviewData.swift; sourceTree = "<group>"; };
		F6FE299B2C0F492B00E9C678 /* analogPhotography.app */ = {isa = PBXFileReference; explicitFileType = wrapper.application; includeInIndex = 0; path = analogPhotography.app; sourceTree = BUILT_PRODUCTS_DIR; };
		F6FE299E2C0F492B00E9C678 /* analogPhotographyApp.swift */ = {isa = PBXFileReference; lastKnownFileType = sourcecode.swift; path = analogPhotographyApp.swift; sourceTree = "<group>"; };
		F6FE29A02C0F492B00E9C678 /* ContentView.swift */ = {isa = PBXFileReference; lastKnownFileType = sourcecode.swift; path = ContentView.swift; sourceTree = "<group>"; };
		F6FE29A42C0F493000E9C678 /* Assets.xcassets */ = {isa = PBXFileReference; lastKnownFileType = folder.assetcatalog; path = Assets.xcassets; sourceTree = "<group>"; };
		F6FE29AE2C0F4CDE00E9C678 /* Film.swift */ = {isa = PBXFileReference; lastKnownFileType = sourcecode.swift; path = Film.swift; sourceTree = "<group>"; };
		F6FE29B12C0F645200E9C678 /* FilmFormat.swift */ = {isa = PBXFileReference; lastKnownFileType = sourcecode.swift; path = FilmFormat.swift; sourceTree = "<group>"; };
		F6FE29B42C0F704A00E9C678 /* ModelContextExtensions.swift */ = {isa = PBXFileReference; lastKnownFileType = sourcecode.swift; path = ModelContextExtensions.swift; sourceTree = "<group>"; };
		F6FE29B62C0F769A00E9C678 /* Bool.swift */ = {isa = PBXFileReference; lastKnownFileType = sourcecode.swift; path = Bool.swift; sourceTree = "<group>"; };
		F6FE29B82C0F784500E9C678 /* FilmProcess.swift */ = {isa = PBXFileReference; lastKnownFileType = sourcecode.swift; path = FilmProcess.swift; sourceTree = "<group>"; };
		F6FE29BA2C0F7CBB00E9C678 /* FilmRoll.swift */ = {isa = PBXFileReference; lastKnownFileType = sourcecode.swift; path = FilmRoll.swift; sourceTree = "<group>"; };
		F6FE29BD2C0F804200E9C678 /* Photo.swift */ = {isa = PBXFileReference; lastKnownFileType = sourcecode.swift; path = Photo.swift; sourceTree = "<group>"; };
		F6FE29C02C0FAA2400E9C678 /* Camera.swift */ = {isa = PBXFileReference; lastKnownFileType = sourcecode.swift; path = Camera.swift; sourceTree = "<group>"; };
/* End PBXFileReference section */

/* Begin PBXFrameworksBuildPhase section */
		F6FE29982C0F492B00E9C678 /* Frameworks */ = {
			isa = PBXFrameworksBuildPhase;
			buildActionMask = 2147483647;
			files = (
				F6C40BC92C37230B00DB96A7 /* Shimmer in Frameworks */,
			);
			runOnlyForDeploymentPostprocessing = 0;
		};
/* End PBXFrameworksBuildPhase section */

/* Begin PBXGroup section */
		F63084972C3847C8008ABF71 /* Data */ = {
			isa = PBXGroup;
			children = (
				F649B2C42C3897AE00FE7180 /* DataContainer.swift */,
				F6EEF2752C3AC98D00FEBCE4 /* DataContainerPreviewData.swift */,
				F63084A22C3857E7008ABF71 /* ModelPreview.swift */,
			);
			path = Data;
			sourceTree = "<group>";
		};
		F630849E2C3852C8008ABF71 /* PreviewAssets */ = {
			isa = PBXGroup;
			children = (
				F630849F2C3852DD008ABF71 /* Models */,
			);
			path = PreviewAssets;
			sourceTree = "<group>";
		};
		F630849F2C3852DD008ABF71 /* Models */ = {
			isa = PBXGroup;
			children = (
			);
			path = Models;
			sourceTree = "<group>";
		};
		F649B2C82C39767E00FE7180 /* Protocols */ = {
			isa = PBXGroup;
			children = (
			);
			path = Protocols;
			sourceTree = "<group>";
		};
		F65517AE2C1F9155000133FA /* Haptic */ = {
			isa = PBXGroup;
			children = (
				F65517A92C1F9144000133FA /* Haptic.swift */,
				F65517A82C1F9144000133FA /* HapticType.swift */,
			);
			path = Haptic;
			sourceTree = "<group>";
		};
		F65517AF2C1F9169000133FA /* Main */ = {
			isa = PBXGroup;
			children = (
				F6FE29BF2C0FAA1700E9C678 /* Camera */,
				F6FE29B02C0F644400E9C678 /* Film */,
				F6FE29BC2C0F803000E9C678 /* Photo */,
				F65517B02C1F92D1000133FA /* Map */,
				F63084972C3847C8008ABF71 /* Data */,
			);
			path = Main;
			sourceTree = "<group>";
		};
		F65517B02C1F92D1000133FA /* Map */ = {
			isa = PBXGroup;
			children = (
				F67179122C34AAC50062D350 /* Location */,
				F67179132C357A390062D350 /* MapPicker */,
			);
			path = Map;
			sourceTree = "<group>";
		};
		F67179122C34AAC50062D350 /* Location */ = {
			isa = PBXGroup;
			children = (
				F67179102C34AAB60062D350 /* Location.swift */,
				F60DC19D2C248FB50092E952 /* LocationItem.swift */,
			);
			path = Location;
			sourceTree = "<group>";
		};
		F67179132C357A390062D350 /* MapPicker */ = {
			isa = PBXGroup;
			children = (
				F671790C2C346F860062D350 /* MapPickerViewModel.swift */,
				F65517B12C1F92E3000133FA /* MapPicker.swift */,
				F67179152C357AED0062D350 /* MapPickerMenu.swift */,
				F6C40BCA2C373B5900DB96A7 /* MapPickerMenuSearchBatState.swift */,
				F671790E2C34A9B30062D350 /* MapMarker.swift */,
			);
			path = MapPicker;
			sourceTree = "<group>";
		};
		F6BC7BE12C3C1CC600160C3E /* Forms */ = {
			isa = PBXGroup;
			children = (
				F6D3A34A2C0FBD4000D56B8D /* FormView.swift */,
				F6D3A34C2C0FBF4900D56B8D /* TextForm.swift */,
				F6CDAB8B2C3D9C62000CC580 /* TextFieldForm */,
			);
			path = Forms;
			sourceTree = "<group>";
		};
		F6BC7BE22C3C1CCF00160C3E /* Pickers */ = {
			isa = PBXGroup;
			children = (
				F6DC89F52C44078500259E7F /* DiscreteSlider */,
				F6BC7BE52C3C1E2300160C3E /* OptionalDatePicker.swift */,
			);
			path = Pickers;
			sourceTree = "<group>";
		};
		F6BC7BE32C3C1CD500160C3E /* Buttons */ = {
			isa = PBXGroup;
			children = (
				F6BC7BE72C3C3CBD00160C3E /* ClearFormButton.swift */,
				F6D3A3482C0FBA7400D56B8D /* DeleteButton.swift */,
				F6BC7BEB2C3CA5F800160C3E /* TapToAddButton.swift */,
			);
			path = Buttons;
			sourceTree = "<group>";
		};
		F6BC7BE42C3C1DC600160C3E /* Menus */ = {
			isa = PBXGroup;
			children = (
				F6E481982C1B0AD4006EE963 /* MenuWithEditState.swift */,
			);
			path = Menus;
			sourceTree = "<group>";
		};
		F6CDAB8B2C3D9C62000CC580 /* TextFieldForm */ = {
			isa = PBXGroup;
			children = (
				F6D3A34E2C0FC1FC00D56B8D /* TextFieldForm.swift */,
				F6CDAB892C3D9C53000CC580 /* TextFieldFormViewModel.swift */,
			);
			path = TextFieldForm;
			sourceTree = "<group>";
		};
		F6D3A3472C0FBA4000D56B8D /* Other */ = {
			isa = PBXGroup;
			children = (
				F65517AE2C1F9155000133FA /* Haptic */,
				F6BC7BE12C3C1CC600160C3E /* Forms */,
				F6BC7BE22C3C1CCF00160C3E /* Pickers */,
				F6BC7BE32C3C1CD500160C3E /* Buttons */,
				F6BC7BE42C3C1DC600160C3E /* Menus */,
				F645616B2C110CC20007940D /* NoteView.swift */,
			);
			path = Other;
			sourceTree = "<group>";
		};
		F6DC89F52C44078500259E7F /* DiscreteSlider */ = {
			isa = PBXGroup;
			children = (
				F65517A22C1F3668000133FA /* DiscreteSlider.swift */,
				F6BC7BED2C3CB70C00160C3E /* DiscreteSliderViewModel.swift */,
			);
			path = DiscreteSlider;
			sourceTree = "<group>";
		};
		F6E4819D2C1B886E006EE963 /* ViewModifiers */ = {
			isa = PBXGroup;
			children = (
				F6E4819E2C1B88AC006EE963 /* TextFieldWithPrefix.swift */,
			);
			path = ViewModifiers;
			sourceTree = "<group>";
		};
		F6FE29922C0F492B00E9C678 = {
			isa = PBXGroup;
			children = (
				F6FE299D2C0F492B00E9C678 /* analogPhotography */,
				F630849E2C3852C8008ABF71 /* PreviewAssets */,
				F6FE299C2C0F492B00E9C678 /* Products */,
			);
			sourceTree = "<group>";
		};
		F6FE299C2C0F492B00E9C678 /* Products */ = {
			isa = PBXGroup;
			children = (
				F6FE299B2C0F492B00E9C678 /* analogPhotography.app */,
			);
			name = Products;
			sourceTree = "<group>";
		};
		F6FE299D2C0F492B00E9C678 /* analogPhotography */ = {
			isa = PBXGroup;
			children = (
				F6FE299E2C0F492B00E9C678 /* analogPhotographyApp.swift */,
				F6FE29A02C0F492B00E9C678 /* ContentView.swift */,
				F65517A42C1F3C57000133FA /* Constants.swift */,
				F65517A62C1F6F4B000133FA /* Log.swift */,
				F65517AF2C1F9169000133FA /* Main */,
				F6D3A3472C0FBA4000D56B8D /* Other */,
				F6E4819D2C1B886E006EE963 /* ViewModifiers */,
				F649B2C82C39767E00FE7180 /* Protocols */,
				F6FE29B32C0F703100E9C678 /* Extensions */,
				F6FE29A42C0F493000E9C678 /* Assets.xcassets */,
			);
			path = analogPhotography;
			sourceTree = "<group>";
		};
		F6FE29B02C0F644400E9C678 /* Film */ = {
			isa = PBXGroup;
			children = (
				F6FE29AE2C0F4CDE00E9C678 /* Film.swift */,
				F6FE29B12C0F645200E9C678 /* FilmFormat.swift */,
				F6FE29B82C0F784500E9C678 /* FilmProcess.swift */,
				F6FE29BA2C0F7CBB00E9C678 /* FilmRoll.swift */,
				F6635A7E2C4067A900813E00 /* FilmRollsView.swift */,
			);
			path = Film;
			sourceTree = "<group>";
		};
		F6FE29B32C0F703100E9C678 /* Extensions */ = {
			isa = PBXGroup;
			children = (
				F6FE29B62C0F769A00E9C678 /* Bool.swift */,
				F6E4819A2C1B15ED006EE963 /* String.swift */,
				F6FE29B42C0F704A00E9C678 /* ModelContextExtensions.swift */,
				F68B56C02C20D077001F1D97 /* CLLocationCoordinate2D.swift */,
				F63084912C381D18008ABF71 /* MKMapItem.swift */,
			);
			path = Extensions;
			sourceTree = "<group>";
		};
		F6FE29BC2C0F803000E9C678 /* Photo */ = {
			isa = PBXGroup;
			children = (
				F6FE29BD2C0F804200E9C678 /* Photo.swift */,
				F6D3A3502C0FC9A600D56B8D /* PhotoDetailedView.swift */,
				F6BD32A92C3F2243008521FB /* ShutterSpeedPicker.swift */,
			);
			path = Photo;
			sourceTree = "<group>";
		};
		F6FE29BF2C0FAA1700E9C678 /* Camera */ = {
			isa = PBXGroup;
			children = (
				F6FE29C02C0FAA2400E9C678 /* Camera.swift */,
				F63084932C38294A008ABF71 /* CameraView.swift */,
				F6635A7C2C3FFF8800813E00 /* CamerasView.swift */,
				F6D3A3452C0FB2AB00D56B8D /* CameraDetailedView.swift */,
			);
			path = Camera;
			sourceTree = "<group>";
		};
/* End PBXGroup section */

/* Begin PBXNativeTarget section */
		F6FE299A2C0F492B00E9C678 /* analogPhotography */ = {
			isa = PBXNativeTarget;
			buildConfigurationList = F6FE29AB2C0F493000E9C678 /* Build configuration list for PBXNativeTarget "analogPhotography" */;
			buildPhases = (
				F6FE29972C0F492B00E9C678 /* Sources */,
				F6FE29982C0F492B00E9C678 /* Frameworks */,
				F6FE29992C0F492B00E9C678 /* Resources */,
			);
			buildRules = (
			);
			dependencies = (
			);
			name = analogPhotography;
			packageProductDependencies = (
				F6C40BC82C37230B00DB96A7 /* Shimmer */,
			);
			productName = analogPhotography;
			productReference = F6FE299B2C0F492B00E9C678 /* analogPhotography.app */;
			productType = "com.apple.product-type.application";
		};
/* End PBXNativeTarget section */

/* Begin PBXProject section */
		F6FE29932C0F492B00E9C678 /* Project object */ = {
			isa = PBXProject;
			attributes = {
				BuildIndependentTargetsInParallel = 1;
				LastSwiftUpdateCheck = 1520;
				LastUpgradeCheck = 1520;
				TargetAttributes = {
					F6FE299A2C0F492B00E9C678 = {
						CreatedOnToolsVersion = 15.2;
					};
				};
			};
			buildConfigurationList = F6FE29962C0F492B00E9C678 /* Build configuration list for PBXProject "analogPhotography" */;
			compatibilityVersion = "Xcode 14.0";
			developmentRegion = en;
			hasScannedForEncodings = 0;
			knownRegions = (
				en,
				Base,
			);
			mainGroup = F6FE29922C0F492B00E9C678;
			packageReferences = (
				F6C40BC72C37230B00DB96A7 /* XCRemoteSwiftPackageReference "SwiftUI-Shimmer" */,
			);
			productRefGroup = F6FE299C2C0F492B00E9C678 /* Products */;
			projectDirPath = "";
			projectRoot = "";
			targets = (
				F6FE299A2C0F492B00E9C678 /* analogPhotography */,
			);
		};
/* End PBXProject section */

/* Begin PBXResourcesBuildPhase section */
		F6FE29992C0F492B00E9C678 /* Resources */ = {
			isa = PBXResourcesBuildPhase;
			buildActionMask = 2147483647;
			files = (
				F6FE29A52C0F493000E9C678 /* Assets.xcassets in Resources */,
			);
			runOnlyForDeploymentPostprocessing = 0;
		};
/* End PBXResourcesBuildPhase section */

/* Begin PBXSourcesBuildPhase section */
		F6FE29972C0F492B00E9C678 /* Sources */ = {
			isa = PBXSourcesBuildPhase;
			buildActionMask = 2147483647;
			files = (
				F6CDAB8A2C3D9C53000CC580 /* TextFieldFormViewModel.swift in Sources */,
				F6E4819B2C1B15ED006EE963 /* String.swift in Sources */,
				F65517A72C1F6F4C000133FA /* Log.swift in Sources */,
				F67179112C34AAB60062D350 /* Location.swift in Sources */,
				F63084922C381D18008ABF71 /* MKMapItem.swift in Sources */,
				F65517A52C1F3C57000133FA /* Constants.swift in Sources */,
				F649B2C52C3897AE00FE7180 /* DataContainer.swift in Sources */,
				F6635A7D2C3FFF8800813E00 /* CamerasView.swift in Sources */,
				F6635A7F2C4067AA00813E00 /* FilmRollsView.swift in Sources */,
				F6FE29B22C0F645200E9C678 /* FilmFormat.swift in Sources */,
				F65517A32C1F3668000133FA /* DiscreteSlider.swift in Sources */,
				F6BC7BE62C3C1E2300160C3E /* OptionalDatePicker.swift in Sources */,
				F6EEF2762C3AC98D00FEBCE4 /* DataContainerPreviewData.swift in Sources */,
				F6BC7BEC2C3CA5F800160C3E /* TapToAddButton.swift in Sources */,
				F671790F2C34A9B30062D350 /* MapMarker.swift in Sources */,
				F6BD32AA2C3F2243008521FB /* ShutterSpeedPicker.swift in Sources */,
				F63084942C38294A008ABF71 /* CameraView.swift in Sources */,
				F6D3A34D2C0FBF4900D56B8D /* TextForm.swift in Sources */,
				F60DC19E2C248FB50092E952 /* LocationItem.swift in Sources */,
				F65517AC2C1F9145000133FA /* Haptic.swift in Sources */,
				F65517AB2C1F9145000133FA /* HapticType.swift in Sources */,
				F6E4819F2C1B88AC006EE963 /* TextFieldWithPrefix.swift in Sources */,
				F6FE29A12C0F492B00E9C678 /* ContentView.swift in Sources */,
				F6BC7BEE2C3CB70C00160C3E /* DiscreteSliderViewModel.swift in Sources */,
				F65517B22C1F92E3000133FA /* MapPicker.swift in Sources */,
				F6D3A3512C0FC9A600D56B8D /* PhotoDetailedView.swift in Sources */,
				F6FE29B52C0F704A00E9C678 /* ModelContextExtensions.swift in Sources */,
				F68B56C12C20D078001F1D97 /* CLLocationCoordinate2D.swift in Sources */,
				F6FE29BE2C0F804200E9C678 /* Photo.swift in Sources */,
				F671790D2C346F860062D350 /* MapPickerViewModel.swift in Sources */,
				F6E481992C1B0AD4006EE963 /* MenuWithEditState.swift in Sources */,
				F6FE29AF2C0F4CDE00E9C678 /* Film.swift in Sources */,
				F6FE29B92C0F784500E9C678 /* FilmProcess.swift in Sources */,
				F6FE29C12C0FAA2400E9C678 /* Camera.swift in Sources */,
				F6FE29BB2C0F7CBB00E9C678 /* FilmRoll.swift in Sources */,
				F6D3A34B2C0FBD4000D56B8D /* FormView.swift in Sources */,
				F63084A32C3857E7008ABF71 /* ModelPreview.swift in Sources */,
				F6D3A34F2C0FC1FC00D56B8D /* TextFieldForm.swift in Sources */,
				F645616C2C110CC20007940D /* NoteView.swift in Sources */,
				F6D3A3492C0FBA7400D56B8D /* DeleteButton.swift in Sources */,
				F6FE299F2C0F492B00E9C678 /* analogPhotographyApp.swift in Sources */,
				F6FE29B72C0F769A00E9C678 /* Bool.swift in Sources */,
				F6C40BCB2C373B5900DB96A7 /* MapPickerMenuSearchBatState.swift in Sources */,
				F6D3A3462C0FB2AB00D56B8D /* CameraDetailedView.swift in Sources */,
				F67179162C357AED0062D350 /* MapPickerMenu.swift in Sources */,
				F6BC7BE82C3C3CBD00160C3E /* ClearFormButton.swift in Sources */,
			);
			runOnlyForDeploymentPostprocessing = 0;
		};
/* End PBXSourcesBuildPhase section */

/* Begin XCBuildConfiguration section */
		F6FE29A92C0F493000E9C678 /* Debug */ = {
			isa = XCBuildConfiguration;
			buildSettings = {
				ALWAYS_SEARCH_USER_PATHS = NO;
				ASSETCATALOG_COMPILER_GENERATE_SWIFT_ASSET_SYMBOL_EXTENSIONS = YES;
				CLANG_ANALYZER_NONNULL = YES;
				CLANG_ANALYZER_NUMBER_OBJECT_CONVERSION = YES_AGGRESSIVE;
				CLANG_CXX_LANGUAGE_STANDARD = "gnu++20";
				CLANG_ENABLE_MODULES = YES;
				CLANG_ENABLE_OBJC_ARC = YES;
				CLANG_ENABLE_OBJC_WEAK = YES;
				CLANG_WARN_BLOCK_CAPTURE_AUTORELEASING = YES;
				CLANG_WARN_BOOL_CONVERSION = YES;
				CLANG_WARN_COMMA = YES;
				CLANG_WARN_CONSTANT_CONVERSION = YES;
				CLANG_WARN_DEPRECATED_OBJC_IMPLEMENTATIONS = YES;
				CLANG_WARN_DIRECT_OBJC_ISA_USAGE = YES_ERROR;
				CLANG_WARN_DOCUMENTATION_COMMENTS = YES;
				CLANG_WARN_EMPTY_BODY = YES;
				CLANG_WARN_ENUM_CONVERSION = YES;
				CLANG_WARN_INFINITE_RECURSION = YES;
				CLANG_WARN_INT_CONVERSION = YES;
				CLANG_WARN_NON_LITERAL_NULL_CONVERSION = YES;
				CLANG_WARN_OBJC_IMPLICIT_RETAIN_SELF = YES;
				CLANG_WARN_OBJC_LITERAL_CONVERSION = YES;
				CLANG_WARN_OBJC_ROOT_CLASS = YES_ERROR;
				CLANG_WARN_QUOTED_INCLUDE_IN_FRAMEWORK_HEADER = YES;
				CLANG_WARN_RANGE_LOOP_ANALYSIS = YES;
				CLANG_WARN_STRICT_PROTOTYPES = YES;
				CLANG_WARN_SUSPICIOUS_MOVE = YES;
				CLANG_WARN_UNGUARDED_AVAILABILITY = YES_AGGRESSIVE;
				CLANG_WARN_UNREACHABLE_CODE = YES;
				CLANG_WARN__DUPLICATE_METHOD_MATCH = YES;
				COPY_PHASE_STRIP = NO;
				DEBUG_INFORMATION_FORMAT = dwarf;
				ENABLE_STRICT_OBJC_MSGSEND = YES;
				ENABLE_TESTABILITY = YES;
				ENABLE_USER_SCRIPT_SANDBOXING = YES;
				GCC_C_LANGUAGE_STANDARD = gnu17;
				GCC_DYNAMIC_NO_PIC = NO;
				GCC_NO_COMMON_BLOCKS = YES;
				GCC_OPTIMIZATION_LEVEL = 0;
				GCC_PREPROCESSOR_DEFINITIONS = (
					"DEBUG=1",
					"$(inherited)",
				);
				GCC_WARN_64_TO_32_BIT_CONVERSION = YES;
				GCC_WARN_ABOUT_RETURN_TYPE = YES_ERROR;
				GCC_WARN_UNDECLARED_SELECTOR = YES;
				GCC_WARN_UNINITIALIZED_AUTOS = YES_AGGRESSIVE;
				GCC_WARN_UNUSED_FUNCTION = YES;
				GCC_WARN_UNUSED_VARIABLE = YES;
				IPHONEOS_DEPLOYMENT_TARGET = 17.0;
				LOCALIZATION_PREFERS_STRING_CATALOGS = YES;
				MTL_ENABLE_DEBUG_INFO = INCLUDE_SOURCE;
				MTL_FAST_MATH = YES;
				ONLY_ACTIVE_ARCH = YES;
				"OTHER_SWIFT_FLAGS[arch=*]" = "-Xfrontend -warn-long-function-bodies=500 -Xfrontend -warn-long-expression-type-checking=500";
				SDKROOT = iphoneos;
				SWIFT_ACTIVE_COMPILATION_CONDITIONS = "DEBUG $(inherited)";
				SWIFT_OPTIMIZATION_LEVEL = "-Onone";
			};
			name = Debug;
		};
		F6FE29AA2C0F493000E9C678 /* Release */ = {
			isa = XCBuildConfiguration;
			buildSettings = {
				ALWAYS_SEARCH_USER_PATHS = NO;
				ASSETCATALOG_COMPILER_GENERATE_SWIFT_ASSET_SYMBOL_EXTENSIONS = YES;
				CLANG_ANALYZER_NONNULL = YES;
				CLANG_ANALYZER_NUMBER_OBJECT_CONVERSION = YES_AGGRESSIVE;
				CLANG_CXX_LANGUAGE_STANDARD = "gnu++20";
				CLANG_ENABLE_MODULES = YES;
				CLANG_ENABLE_OBJC_ARC = YES;
				CLANG_ENABLE_OBJC_WEAK = YES;
				CLANG_WARN_BLOCK_CAPTURE_AUTORELEASING = YES;
				CLANG_WARN_BOOL_CONVERSION = YES;
				CLANG_WARN_COMMA = YES;
				CLANG_WARN_CONSTANT_CONVERSION = YES;
				CLANG_WARN_DEPRECATED_OBJC_IMPLEMENTATIONS = YES;
				CLANG_WARN_DIRECT_OBJC_ISA_USAGE = YES_ERROR;
				CLANG_WARN_DOCUMENTATION_COMMENTS = YES;
				CLANG_WARN_EMPTY_BODY = YES;
				CLANG_WARN_ENUM_CONVERSION = YES;
				CLANG_WARN_INFINITE_RECURSION = YES;
				CLANG_WARN_INT_CONVERSION = YES;
				CLANG_WARN_NON_LITERAL_NULL_CONVERSION = YES;
				CLANG_WARN_OBJC_IMPLICIT_RETAIN_SELF = YES;
				CLANG_WARN_OBJC_LITERAL_CONVERSION = YES;
				CLANG_WARN_OBJC_ROOT_CLASS = YES_ERROR;
				CLANG_WARN_QUOTED_INCLUDE_IN_FRAMEWORK_HEADER = YES;
				CLANG_WARN_RANGE_LOOP_ANALYSIS = YES;
				CLANG_WARN_STRICT_PROTOTYPES = YES;
				CLANG_WARN_SUSPICIOUS_MOVE = YES;
				CLANG_WARN_UNGUARDED_AVAILABILITY = YES_AGGRESSIVE;
				CLANG_WARN_UNREACHABLE_CODE = YES;
				CLANG_WARN__DUPLICATE_METHOD_MATCH = YES;
				COPY_PHASE_STRIP = NO;
				DEBUG_INFORMATION_FORMAT = "dwarf-with-dsym";
				ENABLE_NS_ASSERTIONS = NO;
				ENABLE_STRICT_OBJC_MSGSEND = YES;
				ENABLE_USER_SCRIPT_SANDBOXING = YES;
				GCC_C_LANGUAGE_STANDARD = gnu17;
				GCC_NO_COMMON_BLOCKS = YES;
				GCC_WARN_64_TO_32_BIT_CONVERSION = YES;
				GCC_WARN_ABOUT_RETURN_TYPE = YES_ERROR;
				GCC_WARN_UNDECLARED_SELECTOR = YES;
				GCC_WARN_UNINITIALIZED_AUTOS = YES_AGGRESSIVE;
				GCC_WARN_UNUSED_FUNCTION = YES;
				GCC_WARN_UNUSED_VARIABLE = YES;
				IPHONEOS_DEPLOYMENT_TARGET = 17.0;
				LOCALIZATION_PREFERS_STRING_CATALOGS = YES;
				MTL_ENABLE_DEBUG_INFO = NO;
				MTL_FAST_MATH = YES;
				SDKROOT = iphoneos;
				SWIFT_COMPILATION_MODE = wholemodule;
				VALIDATE_PRODUCT = YES;
			};
			name = Release;
		};
		F6FE29AC2C0F493000E9C678 /* Debug */ = {
			isa = XCBuildConfiguration;
			buildSettings = {
				ASSETCATALOG_COMPILER_APPICON_NAME = AppIcon;
				ASSETCATALOG_COMPILER_GLOBAL_ACCENT_COLOR_NAME = AccentColor;
				CODE_SIGN_STYLE = Automatic;
				CURRENT_PROJECT_VERSION = 117;
				DEVELOPMENT_TEAM = R38NN26M52;
				ENABLE_PREVIEWS = YES;
				GENERATE_INFOPLIST_FILE = YES;
				INFOPLIST_KEY_CFBundleDisplayName = analogPhotography;
				INFOPLIST_KEY_UIApplicationSceneManifest_Generation = YES;
				INFOPLIST_KEY_UIApplicationSupportsIndirectInputEvents = YES;
				INFOPLIST_KEY_UILaunchScreen_Generation = YES;
				INFOPLIST_KEY_UISupportedInterfaceOrientations_iPad = "UIInterfaceOrientationPortrait UIInterfaceOrientationPortraitUpsideDown UIInterfaceOrientationLandscapeLeft UIInterfaceOrientationLandscapeRight";
				INFOPLIST_KEY_UISupportedInterfaceOrientations_iPhone = "UIInterfaceOrientationPortrait UIInterfaceOrientationLandscapeLeft UIInterfaceOrientationLandscapeRight";
				IPHONEOS_DEPLOYMENT_TARGET = 17.0;
				LD_RUNPATH_SEARCH_PATHS = (
					"$(inherited)",
					"@executable_path/Frameworks",
				);
				MARKETING_VERSION = 0.1;
				PRODUCT_BUNDLE_IDENTIFIER = com.andrejHurynovic.analogPhotography;
				PRODUCT_NAME = "$(TARGET_NAME)";
				SWIFT_EMIT_LOC_STRINGS = YES;
				SWIFT_VERSION = 5.0;
				TARGETED_DEVICE_FAMILY = "1,2";
			};
			name = Debug;
		};
		F6FE29AD2C0F493000E9C678 /* Release */ = {
			isa = XCBuildConfiguration;
			buildSettings = {
				ASSETCATALOG_COMPILER_APPICON_NAME = AppIcon;
				ASSETCATALOG_COMPILER_GLOBAL_ACCENT_COLOR_NAME = AccentColor;
				CODE_SIGN_STYLE = Automatic;
				CURRENT_PROJECT_VERSION = 117;
				DEVELOPMENT_TEAM = R38NN26M52;
				ENABLE_PREVIEWS = YES;
				GENERATE_INFOPLIST_FILE = YES;
				INFOPLIST_KEY_CFBundleDisplayName = analogPhotography;
				INFOPLIST_KEY_UIApplicationSceneManifest_Generation = YES;
				INFOPLIST_KEY_UIApplicationSupportsIndirectInputEvents = YES;
				INFOPLIST_KEY_UILaunchScreen_Generation = YES;
				INFOPLIST_KEY_UISupportedInterfaceOrientations_iPad = "UIInterfaceOrientationPortrait UIInterfaceOrientationPortraitUpsideDown UIInterfaceOrientationLandscapeLeft UIInterfaceOrientationLandscapeRight";
				INFOPLIST_KEY_UISupportedInterfaceOrientations_iPhone = "UIInterfaceOrientationPortrait UIInterfaceOrientationLandscapeLeft UIInterfaceOrientationLandscapeRight";
				IPHONEOS_DEPLOYMENT_TARGET = 17.0;
				LD_RUNPATH_SEARCH_PATHS = (
					"$(inherited)",
					"@executable_path/Frameworks",
				);
				MARKETING_VERSION = 0.1;
				PRODUCT_BUNDLE_IDENTIFIER = com.andrejHurynovic.analogPhotography;
				PRODUCT_NAME = "$(TARGET_NAME)";
				SWIFT_EMIT_LOC_STRINGS = YES;
				SWIFT_VERSION = 5.0;
				TARGETED_DEVICE_FAMILY = "1,2";
			};
			name = Release;
		};
/* End XCBuildConfiguration section */

/* Begin XCConfigurationList section */
		F6FE29962C0F492B00E9C678 /* Build configuration list for PBXProject "analogPhotography" */ = {
			isa = XCConfigurationList;
			buildConfigurations = (
				F6FE29A92C0F493000E9C678 /* Debug */,
				F6FE29AA2C0F493000E9C678 /* Release */,
			);
			defaultConfigurationIsVisible = 0;
			defaultConfigurationName = Release;
		};
		F6FE29AB2C0F493000E9C678 /* Build configuration list for PBXNativeTarget "analogPhotography" */ = {
			isa = XCConfigurationList;
			buildConfigurations = (
				F6FE29AC2C0F493000E9C678 /* Debug */,
				F6FE29AD2C0F493000E9C678 /* Release */,
			);
			defaultConfigurationIsVisible = 0;
			defaultConfigurationName = Release;
		};
/* End XCConfigurationList section */

/* Begin XCRemoteSwiftPackageReference section */
		F6C40BC72C37230B00DB96A7 /* XCRemoteSwiftPackageReference "SwiftUI-Shimmer" */ = {
			isa = XCRemoteSwiftPackageReference;
			repositoryURL = "https://github.com/markiv/SwiftUI-Shimmer";
			requirement = {
				kind = upToNextMinorVersion;
				minimumVersion = 1.5.0;
			};
		};
/* End XCRemoteSwiftPackageReference section */

/* Begin XCSwiftPackageProductDependency section */
		F6C40BC82C37230B00DB96A7 /* Shimmer */ = {
			isa = XCSwiftPackageProductDependency;
			package = F6C40BC72C37230B00DB96A7 /* XCRemoteSwiftPackageReference "SwiftUI-Shimmer" */;
			productName = Shimmer;
		};
/* End XCSwiftPackageProductDependency section */
	};
	rootObject = F6FE29932C0F492B00E9C678 /* Project object */;
}
